
Microsoft Visual Studio Solution File, Format Version 12.00
# Visual Studio Version 16
VisualStudioVersion = 16.0.30709.132
MinimumVisualStudioVersion = 10.0.40219.1
Project("{FAE04EC0-301F-11D3-BF4B-00C04F79EFBC}") = "MPS6_Banking_Mobile.Android", "MPS6_Banking_Mobile\MPS6_Banking_Mobile.Android\MPS6_Banking_Mobile.Android.csproj", "{89D6599D-E942-4477-918B-6F557C3BBAFC}"
EndProject
Project("{FAE04EC0-301F-11D3-BF4B-00C04F79EFBC}") = "MPS6_Banking_Mobile.iOS", "MPS6_Banking_Mobile\MPS6_Banking_Mobile.iOS\MPS6_Banking_Mobile.iOS.csproj", "{E20252B4-56F6-4F69-9A2E-D2F53D5FC208}"
EndProject
Project("{FAE04EC0-301F-11D3-BF4B-00C04F79EFBC}") = "MPS6_Banking_Mobile", "MPS6_Banking_Mobile\MPS6_Banking_Mobile\MPS6_Banking_Mobile.csproj", "{EB9AFC7B-BD7A-4042-B143-B79A048E2A3A}"
EndProject
Global
	GlobalSection(SolutionConfigurationPlatforms) = preSolution
		Debug|Any CPU = Debug|Any CPU
		Debug|iPhone = Debug|iPhone
		Debug|iPhoneSimulator = Debug|iPhoneSimulator
		Release|Any CPU = Release|Any CPU
		Release|iPhone = Release|iPhone
		Release|iPhoneSimulator = Release|iPhoneSimulator
	EndGlobalSection
	GlobalSection(ProjectConfigurationPlatforms) = postSolution
		{89D6599D-E942-4477-918B-6F557C3BBAFC}.Debug|Any CPU.ActiveCfg = Debug|Any CPU
		{89D6599D-E942-4477-918B-6F557C3BBAFC}.Debug|Any CPU.Build.0 = Debug|Any CPU
		{89D6599D-E942-4477-918B-6F557C3BBAFC}.Debug|Any CPU.Deploy.0 = Debug|Any CPU
		{89D6599D-E942-4477-918B-6F557C3BBAFC}.Debug|iPhone.ActiveCfg = Debug|Any CPU
		{89D6599D-E942-4477-918B-6F557C3BBAFC}.Debug|iPhone.Build.0 = Debug|Any CPU
		{89D6599D-E942-4477-918B-6F557C3BBAFC}.Debug|iPhone.Deploy.0 = Debug|Any CPU
		{89D6599D-E942-4477-918B-6F557C3BBAFC}.Debug|iPhoneSimulator.ActiveCfg = Debug|Any CPU
		{89D6599D-E942-4477-918B-6F557C3BBAFC}.Debug|iPhoneSimulator.Build.0 = Debug|Any CPU
		{89D6599D-E942-4477-918B-6F557C3BBAFC}.Debug|iPhoneSimulator.Deploy.0 = Debug|Any CPU
		{89D6599D-E942-4477-918B-6F557C3BBAFC}.Release|Any CPU.ActiveCfg = Release|Any CPU
		{89D6599D-E942-4477-918B-6F557C3BBAFC}.Release|Any CPU.Build.0 = Release|Any CPU
		{89D6599D-E942-4477-918B-6F557C3BBAFC}.Release|Any CPU.Deploy.0 = Release|Any CPU
		{89D6599D-E942-4477-918B-6F557C3BBAFC}.Release|iPhone.ActiveCfg = Release|Any CPU
		{89D6599D-E942-4477-918B-6F557C3BBAFC}.Release|iPhone.Build.0 = Release|Any CPU
		{89D6599D-E942-4477-918B-6F557C3BBAFC}.Release|iPhone.Deploy.0 = Release|Any CPU
		{89D6599D-E942-4477-918B-6F557C3BBAFC}.Release|iPhoneSimulator.ActiveCfg = Release|Any CPU
		{89D6599D-E942-4477-918B-6F557C3BBAFC}.Release|iPhoneSimulator.Build.0 = Release|Any CPU
		{89D6599D-E942-4477-918B-6F557C3BBAFC}.Release|iPhoneSimulator.Deploy.0 = Release|Any CPU
		{E20252B4-56F6-4F69-9A2E-D2F53D5FC208}.Debug|Any CPU.ActiveCfg = Debug|iPhone
		{E20252B4-56F6-4F69-9A2E-D2F53D5FC208}.Debug|Any CPU.Build.0 = Debug|iPhone
		{E20252B4-56F6-4F69-9A2E-D2F53D5FC208}.Debug|Any CPU.Deploy.0 = Debug|iPhone
		{E20252B4-56F6-4F69-9A2E-D2F53D5FC208}.Debug|iPhone.ActiveCfg = Debug|iPhone
		{E20252B4-56F6-4F69-9A2E-D2F53D5FC208}.Debug|iPhone.Build.0 = Debug|iPhone
		{E20252B4-56F6-4F69-9A2E-D2F53D5FC208}.Debug|iPhone.Deploy.0 = Debug|iPhone
		{E20252B4-56F6-4F69-9A2E-D2F53D5FC208}.Debug|iPhoneSimulator.ActiveCfg = Debug|iPhoneSimulator
		{E20252B4-56F6-4F69-9A2E-D2F53D5FC208}.Debug|iPhoneSimulator.Build.0 = Debug|iPhoneSimulator
		{E20252B4-56F6-4F69-9A2E-D2F53D5FC208}.Debug|iPhoneSimulator.Deploy.0 = Debug|iPhoneSimulator
		{E20252B4-56F6-4F69-9A2E-D2F53D5FC208}.Release|Any CPU.ActiveCfg = Release|iPhoneSimulator
		{E20252B4-56F6-4F69-9A2E-D2F53D5FC208}.Release|Any CPU.Build.0 = Release|iPhoneSimulator
		{E20252B4-56F6-4F69-9A2E-D2F53D5FC208}.Release|Any CPU.Deploy.0 = Release|iPhoneSimulator
		{E20252B4-56F6-4F69-9A2E-D2F53D5FC208}.Release|iPhone.ActiveCfg = Release|iPhone
		{E20252B4-56F6-4F69-9A2E-D2F53D5FC208}.Release|iPhone.Build.0 = Release|iPhone
		{E20252B4-56F6-4F69-9A2E-D2F53D5FC208}.Release|iPhone.Deploy.0 = Release|iPhone
		{E20252B4-56F6-4F69-9A2E-D2F53D5FC208}.Release|iPhoneSimulator.ActiveCfg = Release|iPhoneSimulator
		{E20252B4-56F6-4F69-9A2E-D2F53D5FC208}.Release|iPhoneSimulator.Build.0 = Release|iPhoneSimulator
		{E20252B4-56F6-4F69-9A2E-D2F53D5FC208}.Release|iPhoneSimulator.Deploy.0 = Release|iPhoneSimulator
		{EB9AFC7B-BD7A-4042-B143-B79A048E2A3A}.Debug|Any CPU.ActiveCfg = Debug|Any CPU
		{EB9AFC7B-BD7A-4042-B143-B79A048E2A3A}.Debug|Any CPU.Build.0 = Debug|Any CPU
		{EB9AFC7B-BD7A-4042-B143-B79A048E2A3A}.Debug|Any CPU.Deploy.0 = Debug|Any CPU
		{EB9AFC7B-BD7A-4042-B143-B79A048E2A3A}.Debug|iPhone.ActiveCfg = Debug|Any CPU
		{EB9AFC7B-BD7A-4042-B143-B79A048E2A3A}.Debug|iPhone.Build.0 = Debug|Any CPU
		{EB9AFC7B-BD7A-4042-B143-B79A048E2A3A}.Debug|iPhone.Deploy.0 = Debug|Any CPU
		{EB9AFC7B-BD7A-4042-B143-B79A048E2A3A}.Debug|iPhoneSimulator.ActiveCfg = Debug|Any CPU
		{EB9AFC7B-BD7A-4042-B143-B79A048E2A3A}.Debug|iPhoneSimulator.Build.0 = Debug|Any CPU
		{EB9AFC7B-BD7A-4042-B143-B79A048E2A3A}.Debug|iPhoneSimulator.Deploy.0 = Debug|Any CPU
		{EB9AFC7B-BD7A-4042-B143-B79A048E2A3A}.Release|Any CPU.ActiveCfg = Release|Any CPU
		{EB9AFC7B-BD7A-4042-B143-B79A048E2A3A}.Release|Any CPU.Build.0 = Release|Any CPU
		{EB9AFC7B-BD7A-4042-B143-B79A048E2A3A}.Release|Any CPU.Deploy.0 = Release|Any CPU
		{EB9AFC7B-BD7A-4042-B143-B79A048E2A3A}.Release|iPhone.ActiveCfg = Release|Any CPU
		{EB9AFC7B-BD7A-4042-B143-B79A048E2A3A}.Release|iPhone.Build.0 = Release|Any CPU
		{EB9AFC7B-BD7A-4042-B143-B79A048E2A3A}.Release|iPhone.Deploy.0 = Release|Any CPU
		{EB9AFC7B-BD7A-4042-B143-B79A048E2A3A}.Release|iPhoneSimulator.ActiveCfg = Release|Any CPU
		{EB9AFC7B-BD7A-4042-B143-B79A048E2A3A}.Release|iPhoneSimulator.Build.0 = Release|Any CPU
		{EB9AFC7B-BD7A-4042-B143-B79A048E2A3A}.Release|iPhoneSimulator.Deploy.0 = Release|Any CPU
	EndGlobalSection
	GlobalSection(SolutionProperties) = preSolution
		HideSolutionNode = FALSE
	EndGlobalSection
	GlobalSection(ExtensibilityGlobals) = postSolution
		SolutionGuid = {F9D32D9A-0772-4681-85D0-98A25796C784}
	EndGlobalSection
EndGlobal
